
Microsoft Visual Studio Solution File, Format Version 12.00
# Visual Studio 14
VisualStudioVersion = 14.0.25420.1
MinimumVisualStudioVersion = 10.0.40219.1
Project("{FAE04EC0-301F-11D3-BF4B-00C04F79EFBC}") = "FluentUnit.Core", "src\FluentUnit.Core\FluentUnit.Core.csproj", "{1041C984-BBDC-4028-B89D-D5C2C1819700}"
EndProject
Project("{FAE04EC0-301F-11D3-BF4B-00C04F79EFBC}") = "FluentUnit.Examples", "src\FluentUnit.Examples\FluentUnit.Examples.csproj", "{A6E1BCDF-AC6D-4735-B271-280B76CBAF8B}"
EndProject
Project("{FAE04EC0-301F-11D3-BF4B-00C04F79EFBC}") = "FluentUnit.AutoFixture", "src\FluentUnit.AutoFixture\FluentUnit.AutoFixture.csproj", "{3BD06EF1-A15C-4205-BF63-C9FFF675C2A1}"
EndProject
Global
	GlobalSection(SolutionConfigurationPlatforms) = preSolution
		Debug|Any CPU = Debug|Any CPU
		Release|Any CPU = Release|Any CPU
	EndGlobalSection
	GlobalSection(ProjectConfigurationPlatforms) = postSolution
		{1041C984-BBDC-4028-B89D-D5C2C1819700}.Debug|Any CPU.ActiveCfg = Debug|Any CPU
		{1041C984-BBDC-4028-B89D-D5C2C1819700}.Debug|Any CPU.Build.0 = Debug|Any CPU
		{1041C984-BBDC-4028-B89D-D5C2C1819700}.Release|Any CPU.ActiveCfg = Release|Any CPU
		{1041C984-BBDC-4028-B89D-D5C2C1819700}.Release|Any CPU.Build.0 = Release|Any CPU
		{A6E1BCDF-AC6D-4735-B271-280B76CBAF8B}.Debug|Any CPU.ActiveCfg = Debug|Any CPU
		{A6E1BCDF-AC6D-4735-B271-280B76CBAF8B}.Debug|Any CPU.Build.0 = Debug|Any CPU
		{A6E1BCDF-AC6D-4735-B271-280B76CBAF8B}.Release|Any CPU.ActiveCfg = Release|Any CPU
		{A6E1BCDF-AC6D-4735-B271-280B76CBAF8B}.Release|Any CPU.Build.0 = Release|Any CPU
		{3BD06EF1-A15C-4205-BF63-C9FFF675C2A1}.Debug|Any CPU.ActiveCfg = Debug|Any CPU
		{3BD06EF1-A15C-4205-BF63-C9FFF675C2A1}.Debug|Any CPU.Build.0 = Debug|Any CPU
		{3BD06EF1-A15C-4205-BF63-C9FFF675C2A1}.Release|Any CPU.ActiveCfg = Release|Any CPU
		{3BD06EF1-A15C-4205-BF63-C9FFF675C2A1}.Release|Any CPU.Build.0 = Release|Any CPU
	EndGlobalSection
	GlobalSection(SolutionProperties) = preSolution
		HideSolutionNode = FALSE
	EndGlobalSection
EndGlobal
